
Microsoft Visual Studio Solution File, Format Version 12.00
# Visual Studio 15
VisualStudioVersion = 15.0.26228.4
MinimumVisualStudioVersion = 10.0.40219.1
Project("{F184B08F-C81C-45F6-A57F-5ABD9991F28F}") = "TestSincro", "TestSincro\TestSincro.vbproj", "{A86E72C5-6492-4710-8AEB-FFDDE425B943}"
EndProject
Global
	GlobalSection(SolutionConfigurationPlatforms) = preSolution
		Debug|Any CPU = Debug|Any CPU
		Release|Any CPU = Release|Any CPU
	EndGlobalSection
	GlobalSection(ProjectConfigurationPlatforms) = postSolution
		{A86E72C5-6492-4710-8AEB-FFDDE425B943}.Debug|Any CPU.ActiveCfg = Debug|Any CPU
		{A86E72C5-6492-4710-8AEB-FFDDE425B943}.Debug|Any CPU.Build.0 = Debug|Any CPU
		{A86E72C5-6492-4710-8AEB-FFDDE425B943}.Release|Any CPU.ActiveCfg = Release|Any CPU
		{A86E72C5-6492-4710-8AEB-FFDDE425B943}.Release|Any CPU.Build.0 = Release|Any CPU
	EndGlobalSection
	GlobalSection(SolutionProperties) = preSolution
		HideSolutionNode = FALSE
	EndGlobalSection
EndGlobal
